// !$*UTF8*$!
{
	archiveVersion = 1;
	classes = {
	};
	objectVersion = 46;
	objects = {

/* Begin PBXBuildFile section */
		6B26FCD51F0FFBC1008EF0A1 /* MOAFNetworkingManager.m in Sources */ = {isa = PBXBuildFile; fileRef = 6B26FCD41F0FFBC1008EF0A1 /* MOAFNetworkingManager.m */; };
		6B317FCA1F129B5C009BFE2B /* MOAPIClient.m in Sources */ = {isa = PBXBuildFile; fileRef = 6B317FC91F129B5C009BFE2B /* MOAPIClient.m */; };
		6BBFDFBB1F0FE2940055F745 /* main.m in Sources */ = {isa = PBXBuildFile; fileRef = 6BBFDFBA1F0FE2940055F745 /* main.m */; };
		6BBFDFBE1F0FE2940055F745 /* AppDelegate.m in Sources */ = {isa = PBXBuildFile; fileRef = 6BBFDFBD1F0FE2940055F745 /* AppDelegate.m */; };
		6BBFDFC61F0FE2940055F745 /* Assets.xcassets in Resources */ = {isa = PBXBuildFile; fileRef = 6BBFDFC51F0FE2940055F745 /* Assets.xcassets */; };
		6BBFDFC91F0FE2940055F745 /* LaunchScreen.storyboard in Resources */ = {isa = PBXBuildFile; fileRef = 6BBFDFC71F0FE2940055F745 /* LaunchScreen.storyboard */; };
		6BBFDFD41F0FE2940055F745 /* iOSMovieObjcTests.m in Sources */ = {isa = PBXBuildFile; fileRef = 6BBFDFD31F0FE2940055F745 /* iOSMovieObjcTests.m */; };
		6BBFDFDF1F0FE2940055F745 /* iOSMovieObjcUITests.m in Sources */ = {isa = PBXBuildFile; fileRef = 6BBFDFDE1F0FE2940055F745 /* iOSMovieObjcUITests.m */; };
		9CC12170D583D4BE5855B576 /* libPods-iOSMovieObjc.a in Frameworks */ = {isa = PBXBuildFile; fileRef = 939CB2097D6EB666919856D1 /* libPods-iOSMovieObjc.a */; };
/* End PBXBuildFile section */

/* Begin PBXContainerItemProxy section */
		6BBFDFD01F0FE2940055F745 /* PBXContainerItemProxy */ = {
			isa = PBXContainerItemProxy;
			containerPortal = 6BBFDFAE1F0FE2930055F745 /* Project object */;
			proxyType = 1;
			remoteGlobalIDString = 6BBFDFB51F0FE2930055F745;
			remoteInfo = iOSMovieObjc;
		};
		6BBFDFDB1F0FE2940055F745 /* PBXContainerItemProxy */ = {
			isa = PBXContainerItemProxy;
			containerPortal = 6BBFDFAE1F0FE2930055F745 /* Project object */;
			proxyType = 1;
			remoteGlobalIDString = 6BBFDFB51F0FE2930055F745;
			remoteInfo = iOSMovieObjc;
		};
/* End PBXContainerItemProxy section */

/* Begin PBXFileReference section */
		66F9B9FE16F604C652D7CD5E /* Pods-iOSMovieObjc.release.xcconfig */ = {isa = PBXFileReference; includeInIndex = 1; lastKnownFileType = text.xcconfig; name = "Pods-iOSMovieObjc.release.xcconfig"; path = "Pods/Target Support Files/Pods-iOSMovieObjc/Pods-iOSMovieObjc.release.xcconfig"; sourceTree = "<group>"; };
		6B26FCD31F0FFBC1008EF0A1 /* MOAFNetworkingManager.h */ = {isa = PBXFileReference; fileEncoding = 4; lastKnownFileType = sourcecode.c.h; path = MOAFNetworkingManager.h; sourceTree = "<group>"; };
		6B26FCD41F0FFBC1008EF0A1 /* MOAFNetworkingManager.m */ = {isa = PBXFileReference; fileEncoding = 4; lastKnownFileType = sourcecode.c.objc; path = MOAFNetworkingManager.m; sourceTree = "<group>"; };
		6B317FC81F129B5C009BFE2B /* MOAPIClient.h */ = {isa = PBXFileReference; fileEncoding = 4; lastKnownFileType = sourcecode.c.h; path = MOAPIClient.h; sourceTree = "<group>"; };
		6B317FC91F129B5C009BFE2B /* MOAPIClient.m */ = {isa = PBXFileReference; fileEncoding = 4; lastKnownFileType = sourcecode.c.objc; path = MOAPIClient.m; sourceTree = "<group>"; };
		6BBFDFB61F0FE2940055F745 /* iOSMovieObjc.app */ = {isa = PBXFileReference; explicitFileType = wrapper.application; includeInIndex = 0; path = iOSMovieObjc.app; sourceTree = BUILT_PRODUCTS_DIR; };
		6BBFDFBA1F0FE2940055F745 /* main.m */ = {isa = PBXFileReference; lastKnownFileType = sourcecode.c.objc; path = main.m; sourceTree = "<group>"; };
		6BBFDFBC1F0FE2940055F745 /* AppDelegate.h */ = {isa = PBXFileReference; lastKnownFileType = sourcecode.c.h; path = AppDelegate.h; sourceTree = "<group>"; };
		6BBFDFBD1F0FE2940055F745 /* AppDelegate.m */ = {isa = PBXFileReference; lastKnownFileType = sourcecode.c.objc; path = AppDelegate.m; sourceTree = "<group>"; };
		6BBFDFC51F0FE2940055F745 /* Assets.xcassets */ = {isa = PBXFileReference; lastKnownFileType = folder.assetcatalog; path = Assets.xcassets; sourceTree = "<group>"; };
		6BBFDFC81F0FE2940055F745 /* Base */ = {isa = PBXFileReference; lastKnownFileType = file.storyboard; name = Base; path = Base.lproj/LaunchScreen.storyboard; sourceTree = "<group>"; };
		6BBFDFCA1F0FE2940055F745 /* Info.plist */ = {isa = PBXFileReference; lastKnownFileType = text.plist.xml; path = Info.plist; sourceTree = "<group>"; };
		6BBFDFCF1F0FE2940055F745 /* iOSMovieObjcTests.xctest */ = {isa = PBXFileReference; explicitFileType = wrapper.cfbundle; includeInIndex = 0; path = iOSMovieObjcTests.xctest; sourceTree = BUILT_PRODUCTS_DIR; };
		6BBFDFD31F0FE2940055F745 /* iOSMovieObjcTests.m */ = {isa = PBXFileReference; lastKnownFileType = sourcecode.c.objc; path = iOSMovieObjcTests.m; sourceTree = "<group>"; };
		6BBFDFD51F0FE2940055F745 /* Info.plist */ = {isa = PBXFileReference; lastKnownFileType = text.plist.xml; path = Info.plist; sourceTree = "<group>"; };
		6BBFDFDA1F0FE2940055F745 /* iOSMovieObjcUITests.xctest */ = {isa = PBXFileReference; explicitFileType = wrapper.cfbundle; includeInIndex = 0; path = iOSMovieObjcUITests.xctest; sourceTree = BUILT_PRODUCTS_DIR; };
		6BBFDFDE1F0FE2940055F745 /* iOSMovieObjcUITests.m */ = {isa = PBXFileReference; lastKnownFileType = sourcecode.c.objc; path = iOSMovieObjcUITests.m; sourceTree = "<group>"; };
		6BBFDFE01F0FE2940055F745 /* Info.plist */ = {isa = PBXFileReference; lastKnownFileType = text.plist.xml; path = Info.plist; sourceTree = "<group>"; };
		939CB2097D6EB666919856D1 /* libPods-iOSMovieObjc.a */ = {isa = PBXFileReference; explicitFileType = archive.ar; includeInIndex = 0; path = "libPods-iOSMovieObjc.a"; sourceTree = BUILT_PRODUCTS_DIR; };
		E6450A8ECDE247E9BF112AF6 /* Pods-iOSMovieObjc.debug.xcconfig */ = {isa = PBXFileReference; includeInIndex = 1; lastKnownFileType = text.xcconfig; name = "Pods-iOSMovieObjc.debug.xcconfig"; path = "Pods/Target Support Files/Pods-iOSMovieObjc/Pods-iOSMovieObjc.debug.xcconfig"; sourceTree = "<group>"; };
/* End PBXFileReference section */

/* Begin PBXFrameworksBuildPhase section */
		6BBFDFB31F0FE2930055F745 /* Frameworks */ = {
			isa = PBXFrameworksBuildPhase;
			buildActionMask = 2147483647;
			files = (
				9CC12170D583D4BE5855B576 /* libPods-iOSMovieObjc.a in Frameworks */,
			);
			runOnlyForDeploymentPostprocessing = 0;
		};
		6BBFDFCC1F0FE2940055F745 /* Frameworks */ = {
			isa = PBXFrameworksBuildPhase;
			buildActionMask = 2147483647;
			files = (
			);
			runOnlyForDeploymentPostprocessing = 0;
		};
		6BBFDFD71F0FE2940055F745 /* Frameworks */ = {
			isa = PBXFrameworksBuildPhase;
			buildActionMask = 2147483647;
			files = (
			);
			runOnlyForDeploymentPostprocessing = 0;
		};
/* End PBXFrameworksBuildPhase section */

/* Begin PBXGroup section */
		6B132B061F0FEEEA00D629E5 /* Movies */ = {
			isa = PBXGroup;
			children = (
				6B132B0A1F0FF04700D629E5 /* Service */,
				6B132B091F0FF01F00D629E5 /* View */,
				6B132B081F0FEFF800D629E5 /* ViewModel */,
				6B132B071F0FEFC800D629E5 /* Model */,
			);
			name = Movies;
			sourceTree = "<group>";
		};
		6B132B071F0FEFC800D629E5 /* Model */ = {
			isa = PBXGroup;
			children = (
			);
			name = Model;
			sourceTree = "<group>";
		};
		6B132B081F0FEFF800D629E5 /* ViewModel */ = {
			isa = PBXGroup;
			children = (
			);
			name = ViewModel;
			sourceTree = "<group>";
		};
		6B132B091F0FF01F00D629E5 /* View */ = {
			isa = PBXGroup;
			children = (
			);
			name = View;
			sourceTree = "<group>";
		};
		6B132B0A1F0FF04700D629E5 /* Service */ = {
			isa = PBXGroup;
			children = (
			);
			name = Service;
			sourceTree = "<group>";
		};
		6B132B0B1F0FF58D00D629E5 /* Feature */ = {
			isa = PBXGroup;
			children = (
				6B132B061F0FEEEA00D629E5 /* Movies */,
			);
			name = Feature;
			sourceTree = "<group>";
		};
		6B132B0C1F0FF5A600D629E5 /* NonFeatureSpecific */ = {
			isa = PBXGroup;
			children = (
				6B132B0E1F0FF5CC00D629E5 /* Client */,
				6B132B0D1F0FF5BF00D629E5 /* Manager */,
			);
			name = NonFeatureSpecific;
			sourceTree = "<group>";
		};
		6B132B0D1F0FF5BF00D629E5 /* Manager */ = {
			isa = PBXGroup;
			children = (
				6B26FCD31F0FFBC1008EF0A1 /* MOAFNetworkingManager.h */,
				6B26FCD41F0FFBC1008EF0A1 /* MOAFNetworkingManager.m */,
			);
			name = Manager;
			sourceTree = "<group>";
		};
		6B132B0E1F0FF5CC00D629E5 /* Client */ = {
			isa = PBXGroup;
			children = (
				6B317FC81F129B5C009BFE2B /* MOAPIClient.h */,
				6B317FC91F129B5C009BFE2B /* MOAPIClient.m */,
			);
			name = Client;
			sourceTree = "<group>";
		};
		6BBFDFAD1F0FE2930055F745 = {
			isa = PBXGroup;
			children = (
				6BBFDFB81F0FE2940055F745 /* iOSMovieObjc */,
				6BBFDFD21F0FE2940055F745 /* iOSMovieObjcTests */,
				6BBFDFDD1F0FE2940055F745 /* iOSMovieObjcUITests */,
				6BBFDFB71F0FE2940055F745 /* Products */,
				F6234D1A6CC8FD11E3B4FFE0 /* Pods */,
				D6716C7EE15AA8D0AB24EFE4 /* Frameworks */,
			);
			sourceTree = "<group>";
		};
		6BBFDFB71F0FE2940055F745 /* Products */ = {
			isa = PBXGroup;
			children = (
				6BBFDFB61F0FE2940055F745 /* iOSMovieObjc.app */,
				6BBFDFCF1F0FE2940055F745 /* iOSMovieObjcTests.xctest */,
				6BBFDFDA1F0FE2940055F745 /* iOSMovieObjcUITests.xctest */,
			);
			name = Products;
			sourceTree = "<group>";
		};
		6BBFDFB81F0FE2940055F745 /* iOSMovieObjc */ = {
			isa = PBXGroup;
			children = (
				6B132B0B1F0FF58D00D629E5 /* Feature */,
				6B132B0C1F0FF5A600D629E5 /* NonFeatureSpecific */,
				6BBFDFBC1F0FE2940055F745 /* AppDelegate.h */,
				6BBFDFBD1F0FE2940055F745 /* AppDelegate.m */,
				6BBFDFC51F0FE2940055F745 /* Assets.xcassets */,
				6BBFDFC71F0FE2940055F745 /* LaunchScreen.storyboard */,
				6BBFDFCA1F0FE2940055F745 /* Info.plist */,
				6BBFDFB91F0FE2940055F745 /* Supporting Files */,
			);
			path = iOSMovieObjc;
			sourceTree = "<group>";
		};
		6BBFDFB91F0FE2940055F745 /* Supporting Files */ = {
			isa = PBXGroup;
			children = (
				6BBFDFBA1F0FE2940055F745 /* main.m */,
			);
			name = "Supporting Files";
			sourceTree = "<group>";
		};
		6BBFDFD21F0FE2940055F745 /* iOSMovieObjcTests */ = {
			isa = PBXGroup;
			children = (
				6BBFDFD31F0FE2940055F745 /* iOSMovieObjcTests.m */,
				6BBFDFD51F0FE2940055F745 /* Info.plist */,
			);
			path = iOSMovieObjcTests;
			sourceTree = "<group>";
		};
		6BBFDFDD1F0FE2940055F745 /* iOSMovieObjcUITests */ = {
			isa = PBXGroup;
			children = (
				6BBFDFDE1F0FE2940055F745 /* iOSMovieObjcUITests.m */,
				6BBFDFE01F0FE2940055F745 /* Info.plist */,
			);
			path = iOSMovieObjcUITests;
			sourceTree = "<group>";
		};
		D6716C7EE15AA8D0AB24EFE4 /* Frameworks */ = {
			isa = PBXGroup;
			children = (
				939CB2097D6EB666919856D1 /* libPods-iOSMovieObjc.a */,
			);
			name = Frameworks;
			sourceTree = "<group>";
		};
		F6234D1A6CC8FD11E3B4FFE0 /* Pods */ = {
			isa = PBXGroup;
			children = (
				E6450A8ECDE247E9BF112AF6 /* Pods-iOSMovieObjc.debug.xcconfig */,
				66F9B9FE16F604C652D7CD5E /* Pods-iOSMovieObjc.release.xcconfig */,
			);
			name = Pods;
			sourceTree = "<group>";
		};
/* End PBXGroup section */

/* Begin PBXNativeTarget section */
		6BBFDFB51F0FE2930055F745 /* iOSMovieObjc */ = {
			isa = PBXNativeTarget;
			buildConfigurationList = 6BBFDFE31F0FE2940055F745 /* Build configuration list for PBXNativeTarget "iOSMovieObjc" */;
			buildPhases = (
				D7BABB83838A98E06E58DE0D /* [CP] Check Pods Manifest.lock */,
				6BBFDFB21F0FE2930055F745 /* Sources */,
				6BBFDFB31F0FE2930055F745 /* Frameworks */,
				6BBFDFB41F0FE2930055F745 /* Resources */,
				4F61BE2C1C22C4F4B3EB3E31 /* [CP] Embed Pods Frameworks */,
				B1CD787005A70E40C76C436F /* [CP] Copy Pods Resources */,
			);
			buildRules = (
			);
			dependencies = (
			);
			name = iOSMovieObjc;
			productName = iOSMovieObjc;
			productReference = 6BBFDFB61F0FE2940055F745 /* iOSMovieObjc.app */;
			productType = "com.apple.product-type.application";
		};
		6BBFDFCE1F0FE2940055F745 /* iOSMovieObjcTests */ = {
			isa = PBXNativeTarget;
			buildConfigurationList = 6BBFDFE61F0FE2940055F745 /* Build configuration list for PBXNativeTarget "iOSMovieObjcTests" */;
			buildPhases = (
				6BBFDFCB1F0FE2940055F745 /* Sources */,
				6BBFDFCC1F0FE2940055F745 /* Frameworks */,
				6BBFDFCD1F0FE2940055F745 /* Resources */,
			);
			buildRules = (
			);
			dependencies = (
				6BBFDFD11F0FE2940055F745 /* PBXTargetDependency */,
			);
			name = iOSMovieObjcTests;
			productName = iOSMovieObjcTests;
			productReference = 6BBFDFCF1F0FE2940055F745 /* iOSMovieObjcTests.xctest */;
			productType = "com.apple.product-type.bundle.unit-test";
		};
		6BBFDFD91F0FE2940055F745 /* iOSMovieObjcUITests */ = {
			isa = PBXNativeTarget;
			buildConfigurationList = 6BBFDFE91F0FE2940055F745 /* Build configuration list for PBXNativeTarget "iOSMovieObjcUITests" */;
			buildPhases = (
				6BBFDFD61F0FE2940055F745 /* Sources */,
				6BBFDFD71F0FE2940055F745 /* Frameworks */,
				6BBFDFD81F0FE2940055F745 /* Resources */,
			);
			buildRules = (
			);
			dependencies = (
				6BBFDFDC1F0FE2940055F745 /* PBXTargetDependency */,
			);
			name = iOSMovieObjcUITests;
			productName = iOSMovieObjcUITests;
			productReference = 6BBFDFDA1F0FE2940055F745 /* iOSMovieObjcUITests.xctest */;
			productType = "com.apple.product-type.bundle.ui-testing";
		};
/* End PBXNativeTarget section */

/* Begin PBXProject section */
		6BBFDFAE1F0FE2930055F745 /* Project object */ = {
			isa = PBXProject;
			attributes = {
				LastUpgradeCheck = 0820;
				ORGANIZATIONNAME = sunnystudio;
				TargetAttributes = {
					6BBFDFB51F0FE2930055F745 = {
						CreatedOnToolsVersion = 8.2.1;
						DevelopmentTeam = 889868CA9D;
						ProvisioningStyle = Automatic;
					};
					6BBFDFCE1F0FE2940055F745 = {
						CreatedOnToolsVersion = 8.2.1;
						DevelopmentTeam = 889868CA9D;
						ProvisioningStyle = Automatic;
						TestTargetID = 6BBFDFB51F0FE2930055F745;
					};
					6BBFDFD91F0FE2940055F745 = {
						CreatedOnToolsVersion = 8.2.1;
						DevelopmentTeam = 889868CA9D;
						ProvisioningStyle = Automatic;
						TestTargetID = 6BBFDFB51F0FE2930055F745;
					};
				};
			};
			buildConfigurationList = 6BBFDFB11F0FE2930055F745 /* Build configuration list for PBXProject "iOSMovieObjc" */;
			compatibilityVersion = "Xcode 3.2";
			developmentRegion = English;
			hasScannedForEncodings = 0;
			knownRegions = (
				en,
				Base,
			);
			mainGroup = 6BBFDFAD1F0FE2930055F745;
			productRefGroup = 6BBFDFB71F0FE2940055F745 /* Products */;
			projectDirPath = "";
			projectRoot = "";
			targets = (
				6BBFDFB51F0FE2930055F745 /* iOSMovieObjc */,
				6BBFDFCE1F0FE2940055F745 /* iOSMovieObjcTests */,
				6BBFDFD91F0FE2940055F745 /* iOSMovieObjcUITests */,
			);
		};
/* End PBXProject section */

/* Begin PBXResourcesBuildPhase section */
		6BBFDFB41F0FE2930055F745 /* Resources */ = {
			isa = PBXResourcesBuildPhase;
			buildActionMask = 2147483647;
			files = (
				6BBFDFC91F0FE2940055F745 /* LaunchScreen.storyboard in Resources */,
				6BBFDFC61F0FE2940055F745 /* Assets.xcassets in Resources */,
			);
			runOnlyForDeploymentPostprocessing = 0;
		};
		6BBFDFCD1F0FE2940055F745 /* Resources */ = {
			isa = PBXResourcesBuildPhase;
			buildActionMask = 2147483647;
			files = (
			);
			runOnlyForDeploymentPostprocessing = 0;
		};
		6BBFDFD81F0FE2940055F745 /* Resources */ = {
			isa = PBXResourcesBuildPhase;
			buildActionMask = 2147483647;
			files = (
			);
			runOnlyForDeploymentPostprocessing = 0;
		};
/* End PBXResourcesBuildPhase section */

/* Begin PBXShellScriptBuildPhase section */
		4F61BE2C1C22C4F4B3EB3E31 /* [CP] Embed Pods Frameworks */ = {
			isa = PBXShellScriptBuildPhase;
			buildActionMask = 2147483647;
			files = (
			);
			inputPaths = (
			);
			name = "[CP] Embed Pods Frameworks";
			outputPaths = (
			);
			runOnlyForDeploymentPostprocessing = 0;
			shellPath = /bin/sh;
			shellScript = "\"${SRCROOT}/Pods/Target Support Files/Pods-iOSMovieObjc/Pods-iOSMovieObjc-frameworks.sh\"\n";
			showEnvVarsInLog = 0;
		};
		B1CD787005A70E40C76C436F /* [CP] Copy Pods Resources */ = {
			isa = PBXShellScriptBuildPhase;
			buildActionMask = 2147483647;
			files = (
			);
			inputPaths = (
			);
			name = "[CP] Copy Pods Resources";
			outputPaths = (
			);
			runOnlyForDeploymentPostprocessing = 0;
			shellPath = /bin/sh;
			shellScript = "\"${SRCROOT}/Pods/Target Support Files/Pods-iOSMovieObjc/Pods-iOSMovieObjc-resources.sh\"\n";
			showEnvVarsInLog = 0;
		};
		D7BABB83838A98E06E58DE0D /* [CP] Check Pods Manifest.lock */ = {
			isa = PBXShellScriptBuildPhase;
			buildActionMask = 2147483647;
			files = (
			);
			inputPaths = (
				"${PODS_PODFILE_DIR_PATH}/Podfile.lock",
				"${PODS_ROOT}/Manifest.lock",
			);
			name = "[CP] Check Pods Manifest.lock";
			outputPaths = (
				"$(DERIVED_FILE_DIR)/Pods-iOSMovieObjc-checkManifestLockResult.txt",
			);
			runOnlyForDeploymentPostprocessing = 0;
			shellPath = /bin/sh;
			shellScript = "diff \"${PODS_PODFILE_DIR_PATH}/Podfile.lock\" \"${PODS_ROOT}/Manifest.lock\" > /dev/null\nif [ $? != 0 ] ; then\n    # print error to STDERR\n    echo \"error: The sandbox is not in sync with the Podfile.lock. Run 'pod install' or update your CocoaPods installation.\" >&2\n    exit 1\nfi\n# This output is used by Xcode 'outputs' to avoid re-running this script phase.\necho \"SUCCESS\" > \"${SCRIPT_OUTPUT_FILE_0}\"\n";
			showEnvVarsInLog = 0;
		};
/* End PBXShellScriptBuildPhase section */

/* Begin PBXSourcesBuildPhase section */
		6BBFDFB21F0FE2930055F745 /* Sources */ = {
			isa = PBXSourcesBuildPhase;
			buildActionMask = 2147483647;
			files = (
				6BBFDFBE1F0FE2940055F745 /* AppDelegate.m in Sources */,
				6B317FCA1F129B5C009BFE2B /* MOAPIClient.m in Sources */,
				6BBFDFBB1F0FE2940055F745 /* main.m in Sources */,
				6B26FCD51F0FFBC1008EF0A1 /* MOAFNetworkingManager.m in Sources */,
			);
			runOnlyForDeploymentPostprocessing = 0;
		};
		6BBFDFCB1F0FE2940055F745 /* Sources */ = {
			isa = PBXSourcesBuildPhase;
			buildActionMask = 2147483647;
			files = (
				6BBFDFD41F0FE2940055F745 /* iOSMovieObjcTests.m in Sources */,
			);
			runOnlyForDeploymentPostprocessing = 0;
		};
		6BBFDFD61F0FE2940055F745 /* Sources */ = {
			isa = PBXSourcesBuildPhase;
			buildActionMask = 2147483647;
			files = (
				6BBFDFDF1F0FE2940055F745 /* iOSMovieObjcUITests.m in Sources */,
			);
			runOnlyForDeploymentPostprocessing = 0;
		};
/* End PBXSourcesBuildPhase section */

/* Begin PBXTargetDependency section */
		6BBFDFD11F0FE2940055F745 /* PBXTargetDependency */ = {
			isa = PBXTargetDependency;
			target = 6BBFDFB51F0FE2930055F745 /* iOSMovieObjc */;
			targetProxy = 6BBFDFD01F0FE2940055F745 /* PBXContainerItemProxy */;
		};
		6BBFDFDC1F0FE2940055F745 /* PBXTargetDependency */ = {
			isa = PBXTargetDependency;
			target = 6BBFDFB51F0FE2930055F745 /* iOSMovieObjc */;
			targetProxy = 6BBFDFDB1F0FE2940055F745 /* PBXContainerItemProxy */;
		};
/* End PBXTargetDependency section */

/* Begin PBXVariantGroup section */
		6BBFDFC71F0FE2940055F745 /* LaunchScreen.storyboard */ = {
			isa = PBXVariantGroup;
			children = (
				6BBFDFC81F0FE2940055F745 /* Base */,
			);
			name = LaunchScreen.storyboard;
			sourceTree = "<group>";
		};
/* End PBXVariantGroup section */

/* Begin XCBuildConfiguration section */
		6BBFDFE11F0FE2940055F745 /* Debug */ = {
			isa = XCBuildConfiguration;
			buildSettings = {
				ALWAYS_SEARCH_USER_PATHS = NO;
				CLANG_ANALYZER_NONNULL = YES;
				CLANG_CXX_LANGUAGE_STANDARD = "gnu++0x";
				CLANG_CXX_LIBRARY = "libc++";
				CLANG_ENABLE_MODULES = YES;
				CLANG_ENABLE_OBJC_ARC = YES;
				CLANG_WARN_BOOL_CONVERSION = YES;
				CLANG_WARN_CONSTANT_CONVERSION = YES;
				CLANG_WARN_DIRECT_OBJC_ISA_USAGE = YES_ERROR;
				CLANG_WARN_DOCUMENTATION_COMMENTS = YES;
				CLANG_WARN_EMPTY_BODY = YES;
				CLANG_WARN_ENUM_CONVERSION = YES;
				CLANG_WARN_INFINITE_RECURSION = YES;
				CLANG_WARN_INT_CONVERSION = YES;
				CLANG_WARN_OBJC_ROOT_CLASS = YES_ERROR;
				CLANG_WARN_SUSPICIOUS_MOVE = YES;
				CLANG_WARN_UNREACHABLE_CODE = YES;
				CLANG_WARN__DUPLICATE_METHOD_MATCH = YES;
				"CODE_SIGN_IDENTITY[sdk=iphoneos*]" = "iPhone Developer";
				COPY_PHASE_STRIP = NO;
				DEBUG_INFORMATION_FORMAT = dwarf;
				ENABLE_STRICT_OBJC_MSGSEND = YES;
				ENABLE_TESTABILITY = YES;
				GCC_C_LANGUAGE_STANDARD = gnu99;
				GCC_DYNAMIC_NO_PIC = NO;
				GCC_NO_COMMON_BLOCKS = YES;
				GCC_OPTIMIZATION_LEVEL = 0;
				GCC_PREPROCESSOR_DEFINITIONS = (
					"DEBUG=1",
					"$(inherited)",
				);
				GCC_WARN_64_TO_32_BIT_CONVERSION = YES;
				GCC_WARN_ABOUT_RETURN_TYPE = YES_ERROR;
				GCC_WARN_UNDECLARED_SELECTOR = YES;
				GCC_WARN_UNINITIALIZED_AUTOS = YES_AGGRESSIVE;
				GCC_WARN_UNUSED_FUNCTION = YES;
				GCC_WARN_UNUSED_VARIABLE = YES;
				IPHONEOS_DEPLOYMENT_TARGET = 10.2;
				MTL_ENABLE_DEBUG_INFO = YES;
				ONLY_ACTIVE_ARCH = YES;
				SDKROOT = iphoneos;
				TARGETED_DEVICE_FAMILY = "1,2";
			};
			name = Debug;
		};
		6BBFDFE21F0FE2940055F745 /* Release */ = {
			isa = XCBuildConfiguration;
			buildSettings = {
				ALWAYS_SEARCH_USER_PATHS = NO;
				CLANG_ANALYZER_NONNULL = YES;
				CLANG_CXX_LANGUAGE_STANDARD = "gnu++0x";
				CLANG_CXX_LIBRARY = "libc++";
				CLANG_ENABLE_MODULES = YES;
				CLANG_ENABLE_OBJC_ARC = YES;
				CLANG_WARN_BOOL_CONVERSION = YES;
				CLANG_WARN_CONSTANT_CONVERSION = YES;
				CLANG_WARN_DIRECT_OBJC_ISA_USAGE = YES_ERROR;
				CLANG_WARN_DOCUMENTATION_COMMENTS = YES;
				CLANG_WARN_EMPTY_BODY = YES;
				CLANG_WARN_ENUM_CONVERSION = YES;
				CLANG_WARN_INFINITE_RECURSION = YES;
				CLANG_WARN_INT_CONVERSION = YES;
				CLANG_WARN_OBJC_ROOT_CLASS = YES_ERROR;
				CLANG_WARN_SUSPICIOUS_MOVE = YES;
				CLANG_WARN_UNREACHABLE_CODE = YES;
				CLANG_WARN__DUPLICATE_METHOD_MATCH = YES;
				"CODE_SIGN_IDENTITY[sdk=iphoneos*]" = "iPhone Developer";
				COPY_PHASE_STRIP = NO;
				DEBUG_INFORMATION_FORMAT = "dwarf-with-dsym";
				ENABLE_NS_ASSERTIONS = NO;
				ENABLE_STRICT_OBJC_MSGSEND = YES;
				GCC_C_LANGUAGE_STANDARD = gnu99;
				GCC_NO_COMMON_BLOCKS = YES;
				GCC_WARN_64_TO_32_BIT_CONVERSION = YES;
				GCC_WARN_ABOUT_RETURN_TYPE = YES_ERROR;
				GCC_WARN_UNDECLARED_SELECTOR = YES;
				GCC_WARN_UNINITIALIZED_AUTOS = YES_AGGRESSIVE;
				GCC_WARN_UNUSED_FUNCTION = YES;
				GCC_WARN_UNUSED_VARIABLE = YES;
				IPHONEOS_DEPLOYMENT_TARGET = 10.2;
				MTL_ENABLE_DEBUG_INFO = NO;
				SDKROOT = iphoneos;
				TARGETED_DEVICE_FAMILY = "1,2";
				VALIDATE_PRODUCT = YES;
			};
			name = Release;
		};
		6BBFDFE41F0FE2940055F745 /* Debug */ = {
			isa = XCBuildConfiguration;
			baseConfigurationReference = E6450A8ECDE247E9BF112AF6 /* Pods-iOSMovieObjc.debug.xcconfig */;
			buildSettings = {
				ASSETCATALOG_COMPILER_APPICON_NAME = AppIcon;
				DEVELOPMENT_TEAM = 889868CA9D;
				INFOPLIST_FILE = iOSMovieObjc/Info.plist;
				LD_RUNPATH_SEARCH_PATHS = "$(inherited) @executable_path/Frameworks";
				PRODUCT_BUNDLE_IDENTIFIER = com.sunnystudio.iOSMovieObjc;
				PRODUCT_NAME = "$(TARGET_NAME)";
			};
			name = Debug;
		};
		6BBFDFE51F0FE2940055F745 /* Release */ = {
			isa = XCBuildConfiguration;
			baseConfigurationReference = 66F9B9FE16F604C652D7CD5E /* Pods-iOSMovieObjc.release.xcconfig */;
			buildSettings = {
				ASSETCATALOG_COMPILER_APPICON_NAME = AppIcon;
				DEVELOPMENT_TEAM = 889868CA9D;
				INFOPLIST_FILE = iOSMovieObjc/Info.plist;
				LD_RUNPATH_SEARCH_PATHS = "$(inherited) @executable_path/Frameworks";
				PRODUCT_BUNDLE_IDENTIFIER = com.sunnystudio.iOSMovieObjc;
				PRODUCT_NAME = "$(TARGET_NAME)";
			};
			name = Release;
		};
		6BBFDFE71F0FE2940055F745 /* Debug */ = {
			isa = XCBuildConfiguration;
			buildSettings = {
				BUNDLE_LOADER = "$(TEST_HOST)";
				DEVELOPMENT_TEAM = 889868CA9D;
				INFOPLIST_FILE = iOSMovieObjcTests/Info.plist;
				LD_RUNPATH_SEARCH_PATHS = "$(inherited) @executable_path/Frameworks @loader_path/Frameworks";
				PRODUCT_BUNDLE_IDENTIFIER = com.sunnystudio.iOSMovieObjcTests;
				PRODUCT_NAME = "$(TARGET_NAME)";
				TEST_HOST = "$(BUILT_PRODUCTS_DIR)/iOSMovieObjc.app/iOSMovieObjc";
			};
			name = Debug;
		};
		6BBFDFE81F0FE2940055F745 /* Release */ = {
			isa = XCBuildConfiguration;
			buildSettings = {
				BUNDLE_LOADER = "$(TEST_HOST)";
				DEVELOPMENT_TEAM = 889868CA9D;
				INFOPLIST_FILE = iOSMovieObjcTests/Info.plist;
				LD_RUNPATH_SEARCH_PATHS = "$(inherited) @executable_path/Frameworks @loader_path/Frameworks";
				PRODUCT_BUNDLE_IDENTIFIER = com.sunnystudio.iOSMovieObjcTests;
				PRODUCT_NAME = "$(TARGET_NAME)";
				TEST_HOST = "$(BUILT_PRODUCTS_DIR)/iOSMovieObjc.app/iOSMovieObjc";
			};
			name = Release;
		};
		6BBFDFEA1F0FE2940055F745 /* Debug */ = {
			isa = XCBuildConfiguration;
			buildSettings = {
				DEVELOPMENT_TEAM = 889868CA9D;
				INFOPLIST_FILE = iOSMovieObjcUITests/Info.plist;
				LD_RUNPATH_SEARCH_PATHS = "$(inherited) @executable_path/Frameworks @loader_path/Frameworks";
				PRODUCT_BUNDLE_IDENTIFIER = com.sunnystudio.iOSMovieObjcUITests;
				PRODUCT_NAME = "$(TARGET_NAME)";
				TEST_TARGET_NAME = iOSMovieObjc;
			};
			name = Debug;
		};
		6BBFDFEB1F0FE2940055F745 /* Release */ = {
			isa = XCBuildConfiguration;
			buildSettings = {
				DEVELOPMENT_TEAM = 889868CA9D;
				INFOPLIST_FILE = iOSMovieObjcUITests/Info.plist;
				LD_RUNPATH_SEARCH_PATHS = "$(inherited) @executable_path/Frameworks @loader_path/Frameworks";
				PRODUCT_BUNDLE_IDENTIFIER = com.sunnystudio.iOSMovieObjcUITests;
				PRODUCT_NAME = "$(TARGET_NAME)";
				TEST_TARGET_NAME = iOSMovieObjc;
			};
			name = Release;
		};
/* End XCBuildConfiguration section */

/* Begin XCConfigurationList section */
		6BBFDFB11F0FE2930055F745 /* Build configuration list for PBXProject "iOSMovieObjc" */ = {
			isa = XCConfigurationList;
			buildConfigurations = (
				6BBFDFE11F0FE2940055F745 /* Debug */,
				6BBFDFE21F0FE2940055F745 /* Release */,
			);
			defaultConfigurationIsVisible = 0;
			defaultConfigurationName = Release;
		};
		6BBFDFE31F0FE2940055F745 /* Build configuration list for PBXNativeTarget "iOSMovieObjc" */ = {
			isa = XCConfigurationList;
			buildConfigurations = (
				6BBFDFE41F0FE2940055F745 /* Debug */,
				6BBFDFE51F0FE2940055F745 /* Release */,
			);
			defaultConfigurationIsVisible = 0;
			defaultConfigurationName = Release;
		};
		6BBFDFE61F0FE2940055F745 /* Build configuration list for PBXNativeTarget "iOSMovieObjcTests" */ = {
			isa = XCConfigurationList;
			buildConfigurations = (
				6BBFDFE71F0FE2940055F745 /* Debug */,
				6BBFDFE81F0FE2940055F745 /* Release */,
			);
			defaultConfigurationIsVisible = 0;
			defaultConfigurationName = Release;
		};
		6BBFDFE91F0FE2940055F745 /* Build configuration list for PBXNativeTarget "iOSMovieObjcUITests" */ = {
			isa = XCConfigurationList;
			buildConfigurations = (
				6BBFDFEA1F0FE2940055F745 /* Debug */,
				6BBFDFEB1F0FE2940055F745 /* Release */,
			);
			defaultConfigurationIsVisible = 0;
			defaultConfigurationName = Release;
		};
/* End XCConfigurationList section */
	};
	rootObject = 6BBFDFAE1F0FE2930055F745 /* Project object */;
}
